
Microsoft Visual Studio Solution File, Format Version 12.00
# Visual Studio Version 17
VisualStudioVersion = 17.9.34616.47
MinimumVisualStudioVersion = 10.0.40219.1
Project("{FAE04EC0-301F-11D3-BF4B-00C04F79EFBC}") = "Assessment_2", "Assessment_2\Assessment_2.csproj", "{F1B93EB8-18D4-4B7B-AD26-315F2EF02353}"
EndProject
Global
	GlobalSection(SolutionConfigurationPlatforms) = preSolution
		Debug|Any CPU = Debug|Any CPU
		Release|Any CPU = Release|Any CPU
	EndGlobalSection
	GlobalSection(ProjectConfigurationPlatforms) = postSolution
		{F1B93EB8-18D4-4B7B-AD26-315F2EF02353}.Debug|Any CPU.ActiveCfg = Debug|Any CPU
		{F1B93EB8-18D4-4B7B-AD26-315F2EF02353}.Debug|Any CPU.Build.0 = Debug|Any CPU
		{F1B93EB8-18D4-4B7B-AD26-315F2EF02353}.Release|Any CPU.ActiveCfg = Release|Any CPU
		{F1B93EB8-18D4-4B7B-AD26-315F2EF02353}.Release|Any CPU.Build.0 = Release|Any CPU
	EndGlobalSection
	GlobalSection(SolutionProperties) = preSolution
		HideSolutionNode = FALSE
	EndGlobalSection
	GlobalSection(ExtensibilityGlobals) = postSolution
		SolutionGuid = {D46418C0-34E5-41CF-94CC-D6AC78D5935C}
	EndGlobalSection
EndGlobal
